
Microsoft Visual Studio Solution File, Format Version 12.00
# Visual Studio Version 16
VisualStudioVersion = 16.0.28803.352
MinimumVisualStudioVersion = 10.0.40219.1
Project("{8BC9CEB8-8B4A-11D0-8D11-00A0C91BC942}") = "g-ffmpeg", "g-ffmpeg.vcxproj", "{5B903E9A-D782-4074-B90E-6715A5715379}"
EndProject
Project("{8BC9CEB8-8B4A-11D0-8D11-00A0C91BC942}") = "record", "record.vcxproj", "{6814A0D1-3BC3-4443-B319-B941AC5EA5B4}"
EndProject
Global
	GlobalSection(SolutionConfigurationPlatforms) = preSolution
		Debug|x64 = Debug|x64
		Debug|x86 = Debug|x86
		Release|x64 = Release|x64
		Release|x86 = Release|x86
	EndGlobalSection
	GlobalSection(ProjectConfigurationPlatforms) = postSolution
		{5B903E9A-D782-4074-B90E-6715A5715379}.Debug|x64.ActiveCfg = Debug|x64
		{5B903E9A-D782-4074-B90E-6715A5715379}.Debug|x64.Build.0 = Debug|x64
		{5B903E9A-D782-4074-B90E-6715A5715379}.Debug|x86.ActiveCfg = Debug|Win32
		{5B903E9A-D782-4074-B90E-6715A5715379}.Debug|x86.Build.0 = Debug|Win32
		{5B903E9A-D782-4074-B90E-6715A5715379}.Release|x64.ActiveCfg = Release|x64
		{5B903E9A-D782-4074-B90E-6715A5715379}.Release|x64.Build.0 = Release|x64
		{5B903E9A-D782-4074-B90E-6715A5715379}.Release|x86.ActiveCfg = Release|Win32
		{5B903E9A-D782-4074-B90E-6715A5715379}.Release|x86.Build.0 = Release|Win32
		{6814A0D1-3BC3-4443-B319-B941AC5EA5B4}.Debug|x64.ActiveCfg = Debug|x64
		{6814A0D1-3BC3-4443-B319-B941AC5EA5B4}.Debug|x64.Build.0 = Debug|x64
		{6814A0D1-3BC3-4443-B319-B941AC5EA5B4}.Debug|x86.ActiveCfg = Debug|Win32
		{6814A0D1-3BC3-4443-B319-B941AC5EA5B4}.Debug|x86.Build.0 = Debug|Win32
		{6814A0D1-3BC3-4443-B319-B941AC5EA5B4}.Release|x64.ActiveCfg = Release|x64
		{6814A0D1-3BC3-4443-B319-B941AC5EA5B4}.Release|x64.Build.0 = Release|x64
		{6814A0D1-3BC3-4443-B319-B941AC5EA5B4}.Release|x86.ActiveCfg = Release|Win32
		{6814A0D1-3BC3-4443-B319-B941AC5EA5B4}.Release|x86.Build.0 = Release|Win32
	EndGlobalSection
	GlobalSection(SolutionProperties) = preSolution
		HideSolutionNode = FALSE
	EndGlobalSection
	GlobalSection(ExtensibilityGlobals) = postSolution
		SolutionGuid = {A0DA24EB-058C-4928-8833-6B9AC8A8B516}
	EndGlobalSection
EndGlobal
